
Microsoft Visual Studio Solution File, Format Version 12.00
# Visual Studio Version 17
VisualStudioVersion = 17.5.33516.290
MinimumVisualStudioVersion = 10.0.40219.1
Project("{FAE04EC0-301F-11D3-BF4B-00C04F79EFBC}") = "challenge", "challenge\challenge.csproj", "{B1ED45B2-AF5F-41FA-9C72-B4E8CFA9FBEC}"
EndProject
Global
	GlobalSection(SolutionConfigurationPlatforms) = preSolution
		Debug|Any CPU = Debug|Any CPU
		Release|Any CPU = Release|Any CPU
	EndGlobalSection
	GlobalSection(ProjectConfigurationPlatforms) = postSolution
		{B1ED45B2-AF5F-41FA-9C72-B4E8CFA9FBEC}.Debug|Any CPU.ActiveCfg = Debug|Any CPU
		{B1ED45B2-AF5F-41FA-9C72-B4E8CFA9FBEC}.Debug|Any CPU.Build.0 = Debug|Any CPU
		{B1ED45B2-AF5F-41FA-9C72-B4E8CFA9FBEC}.Release|Any CPU.ActiveCfg = Release|Any CPU
		{B1ED45B2-AF5F-41FA-9C72-B4E8CFA9FBEC}.Release|Any CPU.Build.0 = Release|Any CPU
	EndGlobalSection
	GlobalSection(SolutionProperties) = preSolution
		HideSolutionNode = FALSE
	EndGlobalSection
	GlobalSection(ExtensibilityGlobals) = postSolution
		SolutionGuid = {49AA8870-A3DA-4671-BB3B-D100F3117AA3}
	EndGlobalSection
EndGlobal
